// !$*UTF8*$!
{
	archiveVersion = 1;
	classes = {
	};
	objectVersion = 56;
	objects = {

/* Begin PBXBuildFile section */
		73DFC8AE2A0B80F200B8A014 /* AppDelegate.swift in Sources */ = {isa = PBXBuildFile; fileRef = 73DFC8AD2A0B80F200B8A014 /* AppDelegate.swift */; };
		73DFC8B02A0B80F200B8A014 /* SceneDelegate.swift in Sources */ = {isa = PBXBuildFile; fileRef = 73DFC8AF2A0B80F200B8A014 /* SceneDelegate.swift */; };
		73DFC8B22A0B80F200B8A014 /* ViewController.swift in Sources */ = {isa = PBXBuildFile; fileRef = 73DFC8B12A0B80F200B8A014 /* ViewController.swift */; };
		73DFC8B52A0B80F200B8A014 /* Main.storyboard in Resources */ = {isa = PBXBuildFile; fileRef = 73DFC8B32A0B80F200B8A014 /* Main.storyboard */; };
		73DFC8B72A0B80F300B8A014 /* Assets.xcassets in Resources */ = {isa = PBXBuildFile; fileRef = 73DFC8B62A0B80F300B8A014 /* Assets.xcassets */; };
		73DFC8BA2A0B80F300B8A014 /* LaunchScreen.storyboard in Resources */ = {isa = PBXBuildFile; fileRef = 73DFC8B82A0B80F300B8A014 /* LaunchScreen.storyboard */; };
		73DFC8C42A0B812A00B8A014 /* ReactorKit in Frameworks */ = {isa = PBXBuildFile; productRef = 73DFC8C32A0B812A00B8A014 /* ReactorKit */; };
		73DFC8C72A0B82E800B8A014 /* LegacyBaseViewController.swift in Sources */ = {isa = PBXBuildFile; fileRef = 73DFC8C62A0B82E800B8A014 /* LegacyBaseViewController.swift */; };
		73DFC8CC2A0B90D600B8A014 /* LegacyFeatureViewController.swift in Sources */ = {isa = PBXBuildFile; fileRef = 73DFC8CB2A0B90D600B8A014 /* LegacyFeatureViewController.swift */; };
		73DFC8CF2A0B910F00B8A014 /* LegacyFeatureViewModel.swift in Sources */ = {isa = PBXBuildFile; fileRef = 73DFC8CE2A0B910F00B8A014 /* LegacyFeatureViewModel.swift */; };
		73DFC8D12A0B954200B8A014 /* BaseViewModel.swift in Sources */ = {isa = PBXBuildFile; fileRef = 73DFC8D02A0B954200B8A014 /* BaseViewModel.swift */; };
		73DFC8D32A0B959700B8A014 /* NewFeatureViewModel.swift in Sources */ = {isa = PBXBuildFile; fileRef = 73DFC8D22A0B959700B8A014 /* NewFeatureViewModel.swift */; };
		73DFC8D62A0B960E00B8A014 /* RxCocoa in Frameworks */ = {isa = PBXBuildFile; productRef = 73DFC8D52A0B960E00B8A014 /* RxCocoa */; };
		73DFC8D82A0B960E00B8A014 /* RxRelay in Frameworks */ = {isa = PBXBuildFile; productRef = 73DFC8D72A0B960E00B8A014 /* RxRelay */; };
		73DFC8DA2A0B960E00B8A014 /* RxSwift in Frameworks */ = {isa = PBXBuildFile; productRef = 73DFC8D92A0B960E00B8A014 /* RxSwift */; };
		73DFC8DE2A0B98CC00B8A014 /* BaseViewController.swift in Sources */ = {isa = PBXBuildFile; fileRef = 73DFC8DD2A0B98CC00B8A014 /* BaseViewController.swift */; };
		73DFC8E02A0B999700B8A014 /* BindableBaseViewController.swift in Sources */ = {isa = PBXBuildFile; fileRef = 73DFC8DF2A0B999700B8A014 /* BindableBaseViewController.swift */; };
		73DFC8E42A0B9B6900B8A014 /* FeatureBindableViewController.swift in Sources */ = {isa = PBXBuildFile; fileRef = 73DFC8E32A0B9B6900B8A014 /* FeatureBindableViewController.swift */; };
		73DFC8E72A0B9CB600B8A014 /* FeatureReactor.swift in Sources */ = {isa = PBXBuildFile; fileRef = 73DFC8E62A0B9CB600B8A014 /* FeatureReactor.swift */; };
		73DFC8E92A0B9DF200B8A014 /* FeatureReactorView.swift in Sources */ = {isa = PBXBuildFile; fileRef = 73DFC8E82A0B9DF200B8A014 /* FeatureReactorView.swift */; };
		73DFC8ED2A0BCE5700B8A014 /* Errors.swift in Sources */ = {isa = PBXBuildFile; fileRef = 73DFC8EC2A0BCE5700B8A014 /* Errors.swift */; };
		73DFC8F42A0BF6BE00B8A014 /* ViewModelType.swift in Sources */ = {isa = PBXBuildFile; fileRef = 73DFC8F32A0BF6BE00B8A014 /* ViewModelType.swift */; };
/* End PBXBuildFile section */

/* Begin PBXFileReference section */
		73DFC8AA2A0B80F200B8A014 /* BindableBase.app */ = {isa = PBXFileReference; explicitFileType = wrapper.application; includeInIndex = 0; path = BindableBase.app; sourceTree = BUILT_PRODUCTS_DIR; };
		73DFC8AD2A0B80F200B8A014 /* AppDelegate.swift */ = {isa = PBXFileReference; lastKnownFileType = sourcecode.swift; path = AppDelegate.swift; sourceTree = "<group>"; };
		73DFC8AF2A0B80F200B8A014 /* SceneDelegate.swift */ = {isa = PBXFileReference; lastKnownFileType = sourcecode.swift; path = SceneDelegate.swift; sourceTree = "<group>"; };
		73DFC8B12A0B80F200B8A014 /* ViewController.swift */ = {isa = PBXFileReference; lastKnownFileType = sourcecode.swift; path = ViewController.swift; sourceTree = "<group>"; };
		73DFC8B42A0B80F200B8A014 /* Base */ = {isa = PBXFileReference; lastKnownFileType = file.storyboard; name = Base; path = Base.lproj/Main.storyboard; sourceTree = "<group>"; };
		73DFC8B62A0B80F300B8A014 /* Assets.xcassets */ = {isa = PBXFileReference; lastKnownFileType = folder.assetcatalog; path = Assets.xcassets; sourceTree = "<group>"; };
		73DFC8B92A0B80F300B8A014 /* Base */ = {isa = PBXFileReference; lastKnownFileType = file.storyboard; name = Base; path = Base.lproj/LaunchScreen.storyboard; sourceTree = "<group>"; };
		73DFC8BB2A0B80F300B8A014 /* Info.plist */ = {isa = PBXFileReference; lastKnownFileType = text.plist.xml; path = Info.plist; sourceTree = "<group>"; };
		73DFC8C62A0B82E800B8A014 /* LegacyBaseViewController.swift */ = {isa = PBXFileReference; lastKnownFileType = sourcecode.swift; path = LegacyBaseViewController.swift; sourceTree = "<group>"; };
		73DFC8CB2A0B90D600B8A014 /* LegacyFeatureViewController.swift */ = {isa = PBXFileReference; lastKnownFileType = sourcecode.swift; path = LegacyFeatureViewController.swift; sourceTree = "<group>"; };
		73DFC8CE2A0B910F00B8A014 /* LegacyFeatureViewModel.swift */ = {isa = PBXFileReference; lastKnownFileType = sourcecode.swift; path = LegacyFeatureViewModel.swift; sourceTree = "<group>"; };
		73DFC8D02A0B954200B8A014 /* BaseViewModel.swift */ = {isa = PBXFileReference; lastKnownFileType = sourcecode.swift; path = BaseViewModel.swift; sourceTree = "<group>"; };
		73DFC8D22A0B959700B8A014 /* NewFeatureViewModel.swift */ = {isa = PBXFileReference; lastKnownFileType = sourcecode.swift; path = NewFeatureViewModel.swift; sourceTree = "<group>"; };
		73DFC8DD2A0B98CC00B8A014 /* BaseViewController.swift */ = {isa = PBXFileReference; lastKnownFileType = sourcecode.swift; path = BaseViewController.swift; sourceTree = "<group>"; };
		73DFC8DF2A0B999700B8A014 /* BindableBaseViewController.swift */ = {isa = PBXFileReference; lastKnownFileType = sourcecode.swift; path = BindableBaseViewController.swift; sourceTree = "<group>"; };
		73DFC8E32A0B9B6900B8A014 /* FeatureBindableViewController.swift */ = {isa = PBXFileReference; lastKnownFileType = sourcecode.swift; path = FeatureBindableViewController.swift; sourceTree = "<group>"; };
		73DFC8E62A0B9CB600B8A014 /* FeatureReactor.swift */ = {isa = PBXFileReference; lastKnownFileType = sourcecode.swift; path = FeatureReactor.swift; sourceTree = "<group>"; };
		73DFC8E82A0B9DF200B8A014 /* FeatureReactorView.swift */ = {isa = PBXFileReference; lastKnownFileType = sourcecode.swift; path = FeatureReactorView.swift; sourceTree = "<group>"; };
		73DFC8EC2A0BCE5700B8A014 /* Errors.swift */ = {isa = PBXFileReference; lastKnownFileType = sourcecode.swift; path = Errors.swift; sourceTree = "<group>"; };
		73DFC8F32A0BF6BE00B8A014 /* ViewModelType.swift */ = {isa = PBXFileReference; lastKnownFileType = sourcecode.swift; path = ViewModelType.swift; sourceTree = "<group>"; };
/* End PBXFileReference section */

/* Begin PBXFrameworksBuildPhase section */
		73DFC8A72A0B80F200B8A014 /* Frameworks */ = {
			isa = PBXFrameworksBuildPhase;
			buildActionMask = 2147483647;
			files = (
				73DFC8D82A0B960E00B8A014 /* RxRelay in Frameworks */,
				73DFC8D62A0B960E00B8A014 /* RxCocoa in Frameworks */,
				73DFC8DA2A0B960E00B8A014 /* RxSwift in Frameworks */,
				73DFC8C42A0B812A00B8A014 /* ReactorKit in Frameworks */,
			);
			runOnlyForDeploymentPostprocessing = 0;
		};
/* End PBXFrameworksBuildPhase section */

/* Begin PBXGroup section */
		73DFC8A12A0B80F200B8A014 = {
			isa = PBXGroup;
			children = (
				73DFC8AC2A0B80F200B8A014 /* BindableBase */,
				73DFC8AB2A0B80F200B8A014 /* Products */,
			);
			sourceTree = "<group>";
		};
		73DFC8AB2A0B80F200B8A014 /* Products */ = {
			isa = PBXGroup;
			children = (
				73DFC8AA2A0B80F200B8A014 /* BindableBase.app */,
			);
			name = Products;
			sourceTree = "<group>";
		};
		73DFC8AC2A0B80F200B8A014 /* BindableBase */ = {
			isa = PBXGroup;
			children = (
				73DFC8F02A0BD4FE00B8A014 /* Shared */,
				73DFC8C12A0B810000B8A014 /* Legacy */,
				73DFC8EF2A0BD06A00B8A014 /* New */,
				73DFC8EE2A0BCEBC00B8A014 /* VIewModelType */,
				73DFC8AD2A0B80F200B8A014 /* AppDelegate.swift */,
				73DFC8AF2A0B80F200B8A014 /* SceneDelegate.swift */,
				73DFC8B12A0B80F200B8A014 /* ViewController.swift */,
				73DFC8B32A0B80F200B8A014 /* Main.storyboard */,
				73DFC8B62A0B80F300B8A014 /* Assets.xcassets */,
				73DFC8B82A0B80F300B8A014 /* LaunchScreen.storyboard */,
				73DFC8BB2A0B80F300B8A014 /* Info.plist */,
			);
			path = BindableBase;
			sourceTree = "<group>";
		};
		73DFC8C12A0B810000B8A014 /* Legacy */ = {
			isa = PBXGroup;
			children = (
				73DFC8F12A0BD59500B8A014 /* Base */,
				73DFC8CB2A0B90D600B8A014 /* LegacyFeatureViewController.swift */,
				73DFC8CE2A0B910F00B8A014 /* LegacyFeatureViewModel.swift */,
			);
			path = Legacy;
			sourceTree = "<group>";
		};
		73DFC8E52A0B9CAF00B8A014 /* Reactor */ = {
			isa = PBXGroup;
			children = (
				73DFC8E62A0B9CB600B8A014 /* FeatureReactor.swift */,
				73DFC8E82A0B9DF200B8A014 /* FeatureReactorView.swift */,
			);
			path = Reactor;
			sourceTree = "<group>";
		};
		73DFC8EE2A0BCEBC00B8A014 /* VIewModelType */ = {
			isa = PBXGroup;
			children = (
				73DFC8F32A0BF6BE00B8A014 /* ViewModelType.swift */,
			);
			path = VIewModelType;
			sourceTree = "<group>";
		};
		73DFC8EF2A0BD06A00B8A014 /* New */ = {
			isa = PBXGroup;
			children = (
				73DFC8F22A0BD62500B8A014 /* BaseVC */,
				73DFC8E32A0B9B6900B8A014 /* FeatureBindableViewController.swift */,
				73DFC8D22A0B959700B8A014 /* NewFeatureViewModel.swift */,
				73DFC8E52A0B9CAF00B8A014 /* Reactor */,
			);
			path = New;
			sourceTree = "<group>";
		};
		73DFC8F02A0BD4FE00B8A014 /* Shared */ = {
			isa = PBXGroup;
			children = (
				73DFC8D02A0B954200B8A014 /* BaseViewModel.swift */,
				73DFC8EC2A0BCE5700B8A014 /* Errors.swift */,
			);
			path = Shared;
			sourceTree = "<group>";
		};
		73DFC8F12A0BD59500B8A014 /* Base */ = {
			isa = PBXGroup;
			children = (
				73DFC8C62A0B82E800B8A014 /* LegacyBaseViewController.swift */,
			);
			path = Base;
			sourceTree = "<group>";
		};
		73DFC8F22A0BD62500B8A014 /* BaseVC */ = {
			isa = PBXGroup;
			children = (
				73DFC8DD2A0B98CC00B8A014 /* BaseViewController.swift */,
				73DFC8DF2A0B999700B8A014 /* BindableBaseViewController.swift */,
			);
			path = BaseVC;
			sourceTree = "<group>";
		};
/* End PBXGroup section */

/* Begin PBXNativeTarget section */
		73DFC8A92A0B80F200B8A014 /* BindableBase */ = {
			isa = PBXNativeTarget;
			buildConfigurationList = 73DFC8BE2A0B80F300B8A014 /* Build configuration list for PBXNativeTarget "BindableBase" */;
			buildPhases = (
				73DFC8A62A0B80F200B8A014 /* Sources */,
				73DFC8A72A0B80F200B8A014 /* Frameworks */,
				73DFC8A82A0B80F200B8A014 /* Resources */,
			);
			buildRules = (
			);
			dependencies = (
			);
			name = BindableBase;
			packageProductDependencies = (
				73DFC8C32A0B812A00B8A014 /* ReactorKit */,
				73DFC8D52A0B960E00B8A014 /* RxCocoa */,
				73DFC8D72A0B960E00B8A014 /* RxRelay */,
				73DFC8D92A0B960E00B8A014 /* RxSwift */,
			);
			productName = BindableBase;
			productReference = 73DFC8AA2A0B80F200B8A014 /* BindableBase.app */;
			productType = "com.apple.product-type.application";
		};
/* End PBXNativeTarget section */

/* Begin PBXProject section */
		73DFC8A22A0B80F200B8A014 /* Project object */ = {
			isa = PBXProject;
			attributes = {
				BuildIndependentTargetsInParallel = 1;
				LastSwiftUpdateCheck = 1420;
				LastUpgradeCheck = 1420;
				TargetAttributes = {
					73DFC8A92A0B80F200B8A014 = {
						CreatedOnToolsVersion = 14.2;
					};
				};
			};
			buildConfigurationList = 73DFC8A52A0B80F200B8A014 /* Build configuration list for PBXProject "BindableBase" */;
			compatibilityVersion = "Xcode 14.0";
			developmentRegion = en;
			hasScannedForEncodings = 0;
			knownRegions = (
				en,
				Base,
			);
			mainGroup = 73DFC8A12A0B80F200B8A014;
			packageReferences = (
				73DFC8C22A0B812A00B8A014 /* XCRemoteSwiftPackageReference "ReactorKit" */,
				73DFC8D42A0B960E00B8A014 /* XCRemoteSwiftPackageReference "RxSwift" */,
			);
			productRefGroup = 73DFC8AB2A0B80F200B8A014 /* Products */;
			projectDirPath = "";
			projectRoot = "";
			targets = (
				73DFC8A92A0B80F200B8A014 /* BindableBase */,
			);
		};
/* End PBXProject section */

/* Begin PBXResourcesBuildPhase section */
		73DFC8A82A0B80F200B8A014 /* Resources */ = {
			isa = PBXResourcesBuildPhase;
			buildActionMask = 2147483647;
			files = (
				73DFC8BA2A0B80F300B8A014 /* LaunchScreen.storyboard in Resources */,
				73DFC8B72A0B80F300B8A014 /* Assets.xcassets in Resources */,
				73DFC8B52A0B80F200B8A014 /* Main.storyboard in Resources */,
			);
			runOnlyForDeploymentPostprocessing = 0;
		};
/* End PBXResourcesBuildPhase section */

/* Begin PBXSourcesBuildPhase section */
		73DFC8A62A0B80F200B8A014 /* Sources */ = {
			isa = PBXSourcesBuildPhase;
			buildActionMask = 2147483647;
			files = (
				73DFC8E02A0B999700B8A014 /* BindableBaseViewController.swift in Sources */,
				73DFC8C72A0B82E800B8A014 /* LegacyBaseViewController.swift in Sources */,
				73DFC8D32A0B959700B8A014 /* NewFeatureViewModel.swift in Sources */,
				73DFC8DE2A0B98CC00B8A014 /* BaseViewController.swift in Sources */,
				73DFC8E42A0B9B6900B8A014 /* FeatureBindableViewController.swift in Sources */,
				73DFC8CF2A0B910F00B8A014 /* LegacyFeatureViewModel.swift in Sources */,
				73DFC8B22A0B80F200B8A014 /* ViewController.swift in Sources */,
				73DFC8AE2A0B80F200B8A014 /* AppDelegate.swift in Sources */,
				73DFC8E72A0B9CB600B8A014 /* FeatureReactor.swift in Sources */,
				73DFC8E92A0B9DF200B8A014 /* FeatureReactorView.swift in Sources */,
				73DFC8D12A0B954200B8A014 /* BaseViewModel.swift in Sources */,
				73DFC8ED2A0BCE5700B8A014 /* Errors.swift in Sources */,
				73DFC8CC2A0B90D600B8A014 /* LegacyFeatureViewController.swift in Sources */,
				73DFC8B02A0B80F200B8A014 /* SceneDelegate.swift in Sources */,
				73DFC8F42A0BF6BE00B8A014 /* ViewModelType.swift in Sources */,
			);
			runOnlyForDeploymentPostprocessing = 0;
		};
/* End PBXSourcesBuildPhase section */

/* Begin PBXVariantGroup section */
		73DFC8B32A0B80F200B8A014 /* Main.storyboard */ = {
			isa = PBXVariantGroup;
			children = (
				73DFC8B42A0B80F200B8A014 /* Base */,
			);
			name = Main.storyboard;
			sourceTree = "<group>";
		};
		73DFC8B82A0B80F300B8A014 /* LaunchScreen.storyboard */ = {
			isa = PBXVariantGroup;
			children = (
				73DFC8B92A0B80F300B8A014 /* Base */,
			);
			name = LaunchScreen.storyboard;
			sourceTree = "<group>";
		};
/* End PBXVariantGroup section */

/* Begin XCBuildConfiguration section */
		73DFC8BC2A0B80F300B8A014 /* Debug */ = {
			isa = XCBuildConfiguration;
			buildSettings = {
				ALWAYS_SEARCH_USER_PATHS = NO;
				CLANG_ANALYZER_NONNULL = YES;
				CLANG_ANALYZER_NUMBER_OBJECT_CONVERSION = YES_AGGRESSIVE;
				CLANG_CXX_LANGUAGE_STANDARD = "gnu++20";
				CLANG_ENABLE_MODULES = YES;
				CLANG_ENABLE_OBJC_ARC = YES;
				CLANG_ENABLE_OBJC_WEAK = YES;
				CLANG_WARN_BLOCK_CAPTURE_AUTORELEASING = YES;
				CLANG_WARN_BOOL_CONVERSION = YES;
				CLANG_WARN_COMMA = YES;
				CLANG_WARN_CONSTANT_CONVERSION = YES;
				CLANG_WARN_DEPRECATED_OBJC_IMPLEMENTATIONS = YES;
				CLANG_WARN_DIRECT_OBJC_ISA_USAGE = YES_ERROR;
				CLANG_WARN_DOCUMENTATION_COMMENTS = YES;
				CLANG_WARN_EMPTY_BODY = YES;
				CLANG_WARN_ENUM_CONVERSION = YES;
				CLANG_WARN_INFINITE_RECURSION = YES;
				CLANG_WARN_INT_CONVERSION = YES;
				CLANG_WARN_NON_LITERAL_NULL_CONVERSION = YES;
				CLANG_WARN_OBJC_IMPLICIT_RETAIN_SELF = YES;
				CLANG_WARN_OBJC_LITERAL_CONVERSION = YES;
				CLANG_WARN_OBJC_ROOT_CLASS = YES_ERROR;
				CLANG_WARN_QUOTED_INCLUDE_IN_FRAMEWORK_HEADER = YES;
				CLANG_WARN_RANGE_LOOP_ANALYSIS = YES;
				CLANG_WARN_STRICT_PROTOTYPES = YES;
				CLANG_WARN_SUSPICIOUS_MOVE = YES;
				CLANG_WARN_UNGUARDED_AVAILABILITY = YES_AGGRESSIVE;
				CLANG_WARN_UNREACHABLE_CODE = YES;
				CLANG_WARN__DUPLICATE_METHOD_MATCH = YES;
				COPY_PHASE_STRIP = NO;
				DEBUG_INFORMATION_FORMAT = dwarf;
				ENABLE_STRICT_OBJC_MSGSEND = YES;
				ENABLE_TESTABILITY = YES;
				GCC_C_LANGUAGE_STANDARD = gnu11;
				GCC_DYNAMIC_NO_PIC = NO;
				GCC_NO_COMMON_BLOCKS = YES;
				GCC_OPTIMIZATION_LEVEL = 0;
				GCC_PREPROCESSOR_DEFINITIONS = (
					"DEBUG=1",
					"$(inherited)",
				);
				GCC_WARN_64_TO_32_BIT_CONVERSION = YES;
				GCC_WARN_ABOUT_RETURN_TYPE = YES_ERROR;
				GCC_WARN_UNDECLARED_SELECTOR = YES;
				GCC_WARN_UNINITIALIZED_AUTOS = YES_AGGRESSIVE;
				GCC_WARN_UNUSED_FUNCTION = YES;
				GCC_WARN_UNUSED_VARIABLE = YES;
				IPHONEOS_DEPLOYMENT_TARGET = 16.2;
				MTL_ENABLE_DEBUG_INFO = INCLUDE_SOURCE;
				MTL_FAST_MATH = YES;
				ONLY_ACTIVE_ARCH = YES;
				SDKROOT = iphoneos;
				SWIFT_ACTIVE_COMPILATION_CONDITIONS = DEBUG;
				SWIFT_OPTIMIZATION_LEVEL = "-Onone";
			};
			name = Debug;
		};
		73DFC8BD2A0B80F300B8A014 /* Release */ = {
			isa = XCBuildConfiguration;
			buildSettings = {
				ALWAYS_SEARCH_USER_PATHS = NO;
				CLANG_ANALYZER_NONNULL = YES;
				CLANG_ANALYZER_NUMBER_OBJECT_CONVERSION = YES_AGGRESSIVE;
				CLANG_CXX_LANGUAGE_STANDARD = "gnu++20";
				CLANG_ENABLE_MODULES = YES;
				CLANG_ENABLE_OBJC_ARC = YES;
				CLANG_ENABLE_OBJC_WEAK = YES;
				CLANG_WARN_BLOCK_CAPTURE_AUTORELEASING = YES;
				CLANG_WARN_BOOL_CONVERSION = YES;
				CLANG_WARN_COMMA = YES;
				CLANG_WARN_CONSTANT_CONVERSION = YES;
				CLANG_WARN_DEPRECATED_OBJC_IMPLEMENTATIONS = YES;
				CLANG_WARN_DIRECT_OBJC_ISA_USAGE = YES_ERROR;
				CLANG_WARN_DOCUMENTATION_COMMENTS = YES;
				CLANG_WARN_EMPTY_BODY = YES;
				CLANG_WARN_ENUM_CONVERSION = YES;
				CLANG_WARN_INFINITE_RECURSION = YES;
				CLANG_WARN_INT_CONVERSION = YES;
				CLANG_WARN_NON_LITERAL_NULL_CONVERSION = YES;
				CLANG_WARN_OBJC_IMPLICIT_RETAIN_SELF = YES;
				CLANG_WARN_OBJC_LITERAL_CONVERSION = YES;
				CLANG_WARN_OBJC_ROOT_CLASS = YES_ERROR;
				CLANG_WARN_QUOTED_INCLUDE_IN_FRAMEWORK_HEADER = YES;
				CLANG_WARN_RANGE_LOOP_ANALYSIS = YES;
				CLANG_WARN_STRICT_PROTOTYPES = YES;
				CLANG_WARN_SUSPICIOUS_MOVE = YES;
				CLANG_WARN_UNGUARDED_AVAILABILITY = YES_AGGRESSIVE;
				CLANG_WARN_UNREACHABLE_CODE = YES;
				CLANG_WARN__DUPLICATE_METHOD_MATCH = YES;
				COPY_PHASE_STRIP = NO;
				DEBUG_INFORMATION_FORMAT = "dwarf-with-dsym";
				ENABLE_NS_ASSERTIONS = NO;
				ENABLE_STRICT_OBJC_MSGSEND = YES;
				GCC_C_LANGUAGE_STANDARD = gnu11;
				GCC_NO_COMMON_BLOCKS = YES;
				GCC_WARN_64_TO_32_BIT_CONVERSION = YES;
				GCC_WARN_ABOUT_RETURN_TYPE = YES_ERROR;
				GCC_WARN_UNDECLARED_SELECTOR = YES;
				GCC_WARN_UNINITIALIZED_AUTOS = YES_AGGRESSIVE;
				GCC_WARN_UNUSED_FUNCTION = YES;
				GCC_WARN_UNUSED_VARIABLE = YES;
				IPHONEOS_DEPLOYMENT_TARGET = 16.2;
				MTL_ENABLE_DEBUG_INFO = NO;
				MTL_FAST_MATH = YES;
				SDKROOT = iphoneos;
				SWIFT_COMPILATION_MODE = wholemodule;
				SWIFT_OPTIMIZATION_LEVEL = "-O";
				VALIDATE_PRODUCT = YES;
			};
			name = Release;
		};
		73DFC8BF2A0B80F300B8A014 /* Debug */ = {
			isa = XCBuildConfiguration;
			buildSettings = {
				ASSETCATALOG_COMPILER_APPICON_NAME = AppIcon;
				ASSETCATALOG_COMPILER_GLOBAL_ACCENT_COLOR_NAME = AccentColor;
				CODE_SIGN_STYLE = Automatic;
				CURRENT_PROJECT_VERSION = 1;
				GENERATE_INFOPLIST_FILE = YES;
				INFOPLIST_FILE = BindableBase/Info.plist;
				INFOPLIST_KEY_UIApplicationSupportsIndirectInputEvents = YES;
				INFOPLIST_KEY_UILaunchStoryboardName = LaunchScreen;
				INFOPLIST_KEY_UIMainStoryboardFile = Main;
				INFOPLIST_KEY_UISupportedInterfaceOrientations_iPad = "UIInterfaceOrientationPortrait UIInterfaceOrientationPortraitUpsideDown UIInterfaceOrientationLandscapeLeft UIInterfaceOrientationLandscapeRight";
				INFOPLIST_KEY_UISupportedInterfaceOrientations_iPhone = "UIInterfaceOrientationPortrait UIInterfaceOrientationLandscapeLeft UIInterfaceOrientationLandscapeRight";
				LD_RUNPATH_SEARCH_PATHS = (
					"$(inherited)",
					"@executable_path/Frameworks",
				);
				MARKETING_VERSION = 1.0;
				PRODUCT_BUNDLE_IDENTIFIER = com.moon.BindableBase;
				PRODUCT_NAME = "$(TARGET_NAME)";
				SWIFT_EMIT_LOC_STRINGS = YES;
				SWIFT_VERSION = 5.0;
				TARGETED_DEVICE_FAMILY = "1,2";
			};
			name = Debug;
		};
		73DFC8C02A0B80F300B8A014 /* Release */ = {
			isa = XCBuildConfiguration;
			buildSettings = {
				ASSETCATALOG_COMPILER_APPICON_NAME = AppIcon;
				ASSETCATALOG_COMPILER_GLOBAL_ACCENT_COLOR_NAME = AccentColor;
				CODE_SIGN_STYLE = Automatic;
				CURRENT_PROJECT_VERSION = 1;
				GENERATE_INFOPLIST_FILE = YES;
				INFOPLIST_FILE = BindableBase/Info.plist;
				INFOPLIST_KEY_UIApplicationSupportsIndirectInputEvents = YES;
				INFOPLIST_KEY_UILaunchStoryboardName = LaunchScreen;
				INFOPLIST_KEY_UIMainStoryboardFile = Main;
				INFOPLIST_KEY_UISupportedInterfaceOrientations_iPad = "UIInterfaceOrientationPortrait UIInterfaceOrientationPortraitUpsideDown UIInterfaceOrientationLandscapeLeft UIInterfaceOrientationLandscapeRight";
				INFOPLIST_KEY_UISupportedInterfaceOrientations_iPhone = "UIInterfaceOrientationPortrait UIInterfaceOrientationLandscapeLeft UIInterfaceOrientationLandscapeRight";
				LD_RUNPATH_SEARCH_PATHS = (
					"$(inherited)",
					"@executable_path/Frameworks",
				);
				MARKETING_VERSION = 1.0;
				PRODUCT_BUNDLE_IDENTIFIER = com.moon.BindableBase;
				PRODUCT_NAME = "$(TARGET_NAME)";
				SWIFT_EMIT_LOC_STRINGS = YES;
				SWIFT_VERSION = 5.0;
				TARGETED_DEVICE_FAMILY = "1,2";
			};
			name = Release;
		};
/* End XCBuildConfiguration section */

/* Begin XCConfigurationList section */
		73DFC8A52A0B80F200B8A014 /* Build configuration list for PBXProject "BindableBase" */ = {
			isa = XCConfigurationList;
			buildConfigurations = (
				73DFC8BC2A0B80F300B8A014 /* Debug */,
				73DFC8BD2A0B80F300B8A014 /* Release */,
			);
			defaultConfigurationIsVisible = 0;
			defaultConfigurationName = Release;
		};
		73DFC8BE2A0B80F300B8A014 /* Build configuration list for PBXNativeTarget "BindableBase" */ = {
			isa = XCConfigurationList;
			buildConfigurations = (
				73DFC8BF2A0B80F300B8A014 /* Debug */,
				73DFC8C02A0B80F300B8A014 /* Release */,
			);
			defaultConfigurationIsVisible = 0;
			defaultConfigurationName = Release;
		};
/* End XCConfigurationList section */

/* Begin XCRemoteSwiftPackageReference section */
		73DFC8C22A0B812A00B8A014 /* XCRemoteSwiftPackageReference "ReactorKit" */ = {
			isa = XCRemoteSwiftPackageReference;
			repositoryURL = "https://github.com/ReactorKit/ReactorKit";
			requirement = {
				kind = upToNextMajorVersion;
				minimumVersion = 3.0.0;
			};
		};
		73DFC8D42A0B960E00B8A014 /* XCRemoteSwiftPackageReference "RxSwift" */ = {
			isa = XCRemoteSwiftPackageReference;
			repositoryURL = "https://github.com/ReactiveX/RxSwift";
			requirement = {
				branch = main;
				kind = branch;
			};
		};
/* End XCRemoteSwiftPackageReference section */

/* Begin XCSwiftPackageProductDependency section */
		73DFC8C32A0B812A00B8A014 /* ReactorKit */ = {
			isa = XCSwiftPackageProductDependency;
			package = 73DFC8C22A0B812A00B8A014 /* XCRemoteSwiftPackageReference "ReactorKit" */;
			productName = ReactorKit;
		};
		73DFC8D52A0B960E00B8A014 /* RxCocoa */ = {
			isa = XCSwiftPackageProductDependency;
			package = 73DFC8D42A0B960E00B8A014 /* XCRemoteSwiftPackageReference "RxSwift" */;
			productName = RxCocoa;
		};
		73DFC8D72A0B960E00B8A014 /* RxRelay */ = {
			isa = XCSwiftPackageProductDependency;
			package = 73DFC8D42A0B960E00B8A014 /* XCRemoteSwiftPackageReference "RxSwift" */;
			productName = RxRelay;
		};
		73DFC8D92A0B960E00B8A014 /* RxSwift */ = {
			isa = XCSwiftPackageProductDependency;
			package = 73DFC8D42A0B960E00B8A014 /* XCRemoteSwiftPackageReference "RxSwift" */;
			productName = RxSwift;
		};
/* End XCSwiftPackageProductDependency section */
	};
	rootObject = 73DFC8A22A0B80F200B8A014 /* Project object */;
}
